
Microsoft Visual Studio Solution File, Format Version 12.00
# Visual Studio Version 16
VisualStudioVersion = 16.0.31702.278
MinimumVisualStudioVersion = 10.0.40219.1
Project("{9A19103F-16F7-4668-BE54-9A1E7A4F7556}") = "Train Ticket Booking System", "SE\Train Ticket Booking System.csproj", "{0E4B744E-93B1-4206-8247-1602E8B69701}"
EndProject
Global
	GlobalSection(SolutionConfigurationPlatforms) = preSolution
		Debug|Any CPU = Debug|Any CPU
		Release|Any CPU = Release|Any CPU
	EndGlobalSection
	GlobalSection(ProjectConfigurationPlatforms) = postSolution
		{0E4B744E-93B1-4206-8247-1602E8B69701}.Debug|Any CPU.ActiveCfg = Debug|Any CPU
		{0E4B744E-93B1-4206-8247-1602E8B69701}.Debug|Any CPU.Build.0 = Debug|Any CPU
		{0E4B744E-93B1-4206-8247-1602E8B69701}.Release|Any CPU.ActiveCfg = Release|Any CPU
		{0E4B744E-93B1-4206-8247-1602E8B69701}.Release|Any CPU.Build.0 = Release|Any CPU
	EndGlobalSection
	GlobalSection(SolutionProperties) = preSolution
		HideSolutionNode = FALSE
	EndGlobalSection
	GlobalSection(ExtensibilityGlobals) = postSolution
		SolutionGuid = {D5EDBCA7-69D4-47DA-8FD3-F45A0A86B968}
	EndGlobalSection
EndGlobal
